
Microsoft Visual Studio Solution File, Format Version 12.00
# Visual Studio 15
VisualStudioVersion = 15.0.26124.0
MinimumVisualStudioVersion = 15.0.26124.0
Project("{FAE04EC0-301F-11D3-BF4B-00C04F79EFBC}") = "CopyLib", "CopyLib\CopyLib.csproj", "{C58295AB-96A5-4DBD-A0C7-40C7B62469BD}"
EndProject
Project("{FAE04EC0-301F-11D3-BF4B-00C04F79EFBC}") = "CopyLibTest", "CopyLibTest\CopyLibTest.csproj", "{7F21E371-A7BB-452E-B0B9-44DF000A3FB5}"
EndProject
Global
	GlobalSection(SolutionConfigurationPlatforms) = preSolution
		Debug|Any CPU = Debug|Any CPU
		Debug|x64 = Debug|x64
		Debug|x86 = Debug|x86
		Release|Any CPU = Release|Any CPU
		Release|x64 = Release|x64
		Release|x86 = Release|x86
	EndGlobalSection
	GlobalSection(SolutionProperties) = preSolution
		HideSolutionNode = FALSE
	EndGlobalSection
	GlobalSection(ProjectConfigurationPlatforms) = postSolution
		{C58295AB-96A5-4DBD-A0C7-40C7B62469BD}.Debug|Any CPU.ActiveCfg = Debug|Any CPU
		{C58295AB-96A5-4DBD-A0C7-40C7B62469BD}.Debug|Any CPU.Build.0 = Debug|Any CPU
		{C58295AB-96A5-4DBD-A0C7-40C7B62469BD}.Debug|x64.ActiveCfg = Debug|Any CPU
		{C58295AB-96A5-4DBD-A0C7-40C7B62469BD}.Debug|x64.Build.0 = Debug|Any CPU
		{C58295AB-96A5-4DBD-A0C7-40C7B62469BD}.Debug|x86.ActiveCfg = Debug|Any CPU
		{C58295AB-96A5-4DBD-A0C7-40C7B62469BD}.Debug|x86.Build.0 = Debug|Any CPU
		{C58295AB-96A5-4DBD-A0C7-40C7B62469BD}.Release|Any CPU.ActiveCfg = Release|Any CPU
		{C58295AB-96A5-4DBD-A0C7-40C7B62469BD}.Release|Any CPU.Build.0 = Release|Any CPU
		{C58295AB-96A5-4DBD-A0C7-40C7B62469BD}.Release|x64.ActiveCfg = Release|Any CPU
		{C58295AB-96A5-4DBD-A0C7-40C7B62469BD}.Release|x64.Build.0 = Release|Any CPU
		{C58295AB-96A5-4DBD-A0C7-40C7B62469BD}.Release|x86.ActiveCfg = Release|Any CPU
		{C58295AB-96A5-4DBD-A0C7-40C7B62469BD}.Release|x86.Build.0 = Release|Any CPU
		{7F21E371-A7BB-452E-B0B9-44DF000A3FB5}.Debug|Any CPU.ActiveCfg = Debug|Any CPU
		{7F21E371-A7BB-452E-B0B9-44DF000A3FB5}.Debug|Any CPU.Build.0 = Debug|Any CPU
		{7F21E371-A7BB-452E-B0B9-44DF000A3FB5}.Debug|x64.ActiveCfg = Debug|Any CPU
		{7F21E371-A7BB-452E-B0B9-44DF000A3FB5}.Debug|x64.Build.0 = Debug|Any CPU
		{7F21E371-A7BB-452E-B0B9-44DF000A3FB5}.Debug|x86.ActiveCfg = Debug|Any CPU
		{7F21E371-A7BB-452E-B0B9-44DF000A3FB5}.Debug|x86.Build.0 = Debug|Any CPU
		{7F21E371-A7BB-452E-B0B9-44DF000A3FB5}.Release|Any CPU.ActiveCfg = Release|Any CPU
		{7F21E371-A7BB-452E-B0B9-44DF000A3FB5}.Release|Any CPU.Build.0 = Release|Any CPU
		{7F21E371-A7BB-452E-B0B9-44DF000A3FB5}.Release|x64.ActiveCfg = Release|Any CPU
		{7F21E371-A7BB-452E-B0B9-44DF000A3FB5}.Release|x64.Build.0 = Release|Any CPU
		{7F21E371-A7BB-452E-B0B9-44DF000A3FB5}.Release|x86.ActiveCfg = Release|Any CPU
		{7F21E371-A7BB-452E-B0B9-44DF000A3FB5}.Release|x86.Build.0 = Release|Any CPU
	EndGlobalSection
EndGlobal
